// !$*UTF8*$!
{
	archiveVersion = 1;
	classes = {
	};
	objectVersion = 56;
	objects = {

/* Begin PBXBuildFile section */
		DE1CD08C2B206082001B44D3 /* PlanHubiOSApp.swift in Sources */ = {isa = PBXBuildFile; fileRef = DE1CD08B2B206082001B44D3 /* PlanHubiOSApp.swift */; };
		DE1CD08E2B206082001B44D3 /* ContentView.swift in Sources */ = {isa = PBXBuildFile; fileRef = DE1CD08D2B206082001B44D3 /* ContentView.swift */; };
		DE1CD0902B206084001B44D3 /* Assets.xcassets in Resources */ = {isa = PBXBuildFile; fileRef = DE1CD08F2B206084001B44D3 /* Assets.xcassets */; };
		DE1CD0932B206084001B44D3 /* Preview Assets.xcassets in Resources */ = {isa = PBXBuildFile; fileRef = DE1CD0922B206084001B44D3 /* Preview Assets.xcassets */; };
		DE1CD0952B206084001B44D3 /* Persistence.swift in Sources */ = {isa = PBXBuildFile; fileRef = DE1CD0942B206084001B44D3 /* Persistence.swift */; };
		DE1CD0982B206084001B44D3 /* PlanHubiOS.xcdatamodeld in Sources */ = {isa = PBXBuildFile; fileRef = DE1CD0962B206084001B44D3 /* PlanHubiOS.xcdatamodeld */; };
		DE1CD0A22B206085001B44D3 /* PlanHubiOSTests.swift in Sources */ = {isa = PBXBuildFile; fileRef = DE1CD0A12B206085001B44D3 /* PlanHubiOSTests.swift */; };
		DE1CD0AC2B206085001B44D3 /* PlanHubiOSUITests.swift in Sources */ = {isa = PBXBuildFile; fileRef = DE1CD0AB2B206085001B44D3 /* PlanHubiOSUITests.swift */; };
		DE1CD0AE2B206085001B44D3 /* PlanHubiOSUITestsLaunchTests.swift in Sources */ = {isa = PBXBuildFile; fileRef = DE1CD0AD2B206085001B44D3 /* PlanHubiOSUITestsLaunchTests.swift */; };
/* End PBXBuildFile section */

/* Begin PBXContainerItemProxy section */
		DE1CD09E2B206085001B44D3 /* PBXContainerItemProxy */ = {
			isa = PBXContainerItemProxy;
			containerPortal = DE1CD0802B206082001B44D3 /* Project object */;
			proxyType = 1;
			remoteGlobalIDString = DE1CD0872B206082001B44D3;
			remoteInfo = PlanHubiOS;
		};
		DE1CD0A82B206085001B44D3 /* PBXContainerItemProxy */ = {
			isa = PBXContainerItemProxy;
			containerPortal = DE1CD0802B206082001B44D3 /* Project object */;
			proxyType = 1;
			remoteGlobalIDString = DE1CD0872B206082001B44D3;
			remoteInfo = PlanHubiOS;
		};
/* End PBXContainerItemProxy section */

/* Begin PBXFileReference section */
		DE1CD0882B206082001B44D3 /* PlanHubiOS.app */ = {isa = PBXFileReference; explicitFileType = wrapper.application; includeInIndex = 0; path = PlanHubiOS.app; sourceTree = BUILT_PRODUCTS_DIR; };
		DE1CD08B2B206082001B44D3 /* PlanHubiOSApp.swift */ = {isa = PBXFileReference; lastKnownFileType = sourcecode.swift; path = PlanHubiOSApp.swift; sourceTree = "<group>"; };
		DE1CD08D2B206082001B44D3 /* ContentView.swift */ = {isa = PBXFileReference; lastKnownFileType = sourcecode.swift; path = ContentView.swift; sourceTree = "<group>"; };
		DE1CD08F2B206084001B44D3 /* Assets.xcassets */ = {isa = PBXFileReference; lastKnownFileType = folder.assetcatalog; path = Assets.xcassets; sourceTree = "<group>"; };
		DE1CD0922B206084001B44D3 /* Preview Assets.xcassets */ = {isa = PBXFileReference; lastKnownFileType = folder.assetcatalog; path = "Preview Assets.xcassets"; sourceTree = "<group>"; };
		DE1CD0942B206084001B44D3 /* Persistence.swift */ = {isa = PBXFileReference; lastKnownFileType = sourcecode.swift; path = Persistence.swift; sourceTree = "<group>"; };
		DE1CD0972B206084001B44D3 /* PlanHubiOS.xcdatamodel */ = {isa = PBXFileReference; lastKnownFileType = wrapper.xcdatamodel; path = PlanHubiOS.xcdatamodel; sourceTree = "<group>"; };
		DE1CD09D2B206085001B44D3 /* PlanHubiOSTests.xctest */ = {isa = PBXFileReference; explicitFileType = wrapper.cfbundle; includeInIndex = 0; path = PlanHubiOSTests.xctest; sourceTree = BUILT_PRODUCTS_DIR; };
		DE1CD0A12B206085001B44D3 /* PlanHubiOSTests.swift */ = {isa = PBXFileReference; lastKnownFileType = sourcecode.swift; path = PlanHubiOSTests.swift; sourceTree = "<group>"; };
		DE1CD0A72B206085001B44D3 /* PlanHubiOSUITests.xctest */ = {isa = PBXFileReference; explicitFileType = wrapper.cfbundle; includeInIndex = 0; path = PlanHubiOSUITests.xctest; sourceTree = BUILT_PRODUCTS_DIR; };
		DE1CD0AB2B206085001B44D3 /* PlanHubiOSUITests.swift */ = {isa = PBXFileReference; lastKnownFileType = sourcecode.swift; path = PlanHubiOSUITests.swift; sourceTree = "<group>"; };
		DE1CD0AD2B206085001B44D3 /* PlanHubiOSUITestsLaunchTests.swift */ = {isa = PBXFileReference; lastKnownFileType = sourcecode.swift; path = PlanHubiOSUITestsLaunchTests.swift; sourceTree = "<group>"; };
/* End PBXFileReference section */

/* Begin PBXFrameworksBuildPhase section */
		DE1CD0852B206082001B44D3 /* Frameworks */ = {
			isa = PBXFrameworksBuildPhase;
			buildActionMask = 2147483647;
			files = (
			);
			runOnlyForDeploymentPostprocessing = 0;
		};
		DE1CD09A2B206085001B44D3 /* Frameworks */ = {
			isa = PBXFrameworksBuildPhase;
			buildActionMask = 2147483647;
			files = (
			);
			runOnlyForDeploymentPostprocessing = 0;
		};
		DE1CD0A42B206085001B44D3 /* Frameworks */ = {
			isa = PBXFrameworksBuildPhase;
			buildActionMask = 2147483647;
			files = (
			);
			runOnlyForDeploymentPostprocessing = 0;
		};
/* End PBXFrameworksBuildPhase section */

/* Begin PBXGroup section */
		DE1CD07F2B206082001B44D3 = {
			isa = PBXGroup;
			children = (
				DE1CD08A2B206082001B44D3 /* PlanHubiOS */,
				DE1CD0A02B206085001B44D3 /* PlanHubiOSTests */,
				DE1CD0AA2B206085001B44D3 /* PlanHubiOSUITests */,
				DE1CD0892B206082001B44D3 /* Products */,
			);
			sourceTree = "<group>";
		};
		DE1CD0892B206082001B44D3 /* Products */ = {
			isa = PBXGroup;
			children = (
				DE1CD0882B206082001B44D3 /* PlanHubiOS.app */,
				DE1CD09D2B206085001B44D3 /* PlanHubiOSTests.xctest */,
				DE1CD0A72B206085001B44D3 /* PlanHubiOSUITests.xctest */,
			);
			name = Products;
			sourceTree = "<group>";
		};
		DE1CD08A2B206082001B44D3 /* PlanHubiOS */ = {
			isa = PBXGroup;
			children = (
				DE1CD08B2B206082001B44D3 /* PlanHubiOSApp.swift */,
				DE1CD08D2B206082001B44D3 /* ContentView.swift */,
				DE1CD08F2B206084001B44D3 /* Assets.xcassets */,
				DE1CD0942B206084001B44D3 /* Persistence.swift */,
				DE1CD0962B206084001B44D3 /* PlanHubiOS.xcdatamodeld */,
				DE1CD0912B206084001B44D3 /* Preview Content */,
			);
			path = PlanHubiOS;
			sourceTree = "<group>";
		};
		DE1CD0912B206084001B44D3 /* Preview Content */ = {
			isa = PBXGroup;
			children = (
				DE1CD0922B206084001B44D3 /* Preview Assets.xcassets */,
			);
			path = "Preview Content";
			sourceTree = "<group>";
		};
		DE1CD0A02B206085001B44D3 /* PlanHubiOSTests */ = {
			isa = PBXGroup;
			children = (
				DE1CD0A12B206085001B44D3 /* PlanHubiOSTests.swift */,
			);
			path = PlanHubiOSTests;
			sourceTree = "<group>";
		};
		DE1CD0AA2B206085001B44D3 /* PlanHubiOSUITests */ = {
			isa = PBXGroup;
			children = (
				DE1CD0AB2B206085001B44D3 /* PlanHubiOSUITests.swift */,
				DE1CD0AD2B206085001B44D3 /* PlanHubiOSUITestsLaunchTests.swift */,
			);
			path = PlanHubiOSUITests;
			sourceTree = "<group>";
		};
/* End PBXGroup section */

/* Begin PBXNativeTarget section */
		DE1CD0872B206082001B44D3 /* PlanHubiOS */ = {
			isa = PBXNativeTarget;
			buildConfigurationList = DE1CD0B12B206085001B44D3 /* Build configuration list for PBXNativeTarget "PlanHubiOS" */;
			buildPhases = (
				DE1CD0842B206082001B44D3 /* Sources */,
				DE1CD0852B206082001B44D3 /* Frameworks */,
				DE1CD0862B206082001B44D3 /* Resources */,
			);
			buildRules = (
			);
			dependencies = (
			);
			name = PlanHubiOS;
			productName = PlanHubiOS;
			productReference = DE1CD0882B206082001B44D3 /* PlanHubiOS.app */;
			productType = "com.apple.product-type.application";
		};
		DE1CD09C2B206085001B44D3 /* PlanHubiOSTests */ = {
			isa = PBXNativeTarget;
			buildConfigurationList = DE1CD0B42B206085001B44D3 /* Build configuration list for PBXNativeTarget "PlanHubiOSTests" */;
			buildPhases = (
				DE1CD0992B206085001B44D3 /* Sources */,
				DE1CD09A2B206085001B44D3 /* Frameworks */,
				DE1CD09B2B206085001B44D3 /* Resources */,
			);
			buildRules = (
			);
			dependencies = (
				DE1CD09F2B206085001B44D3 /* PBXTargetDependency */,
			);
			name = PlanHubiOSTests;
			productName = PlanHubiOSTests;
			productReference = DE1CD09D2B206085001B44D3 /* PlanHubiOSTests.xctest */;
			productType = "com.apple.product-type.bundle.unit-test";
		};
		DE1CD0A62B206085001B44D3 /* PlanHubiOSUITests */ = {
			isa = PBXNativeTarget;
			buildConfigurationList = DE1CD0B72B206085001B44D3 /* Build configuration list for PBXNativeTarget "PlanHubiOSUITests" */;
			buildPhases = (
				DE1CD0A32B206085001B44D3 /* Sources */,
				DE1CD0A42B206085001B44D3 /* Frameworks */,
				DE1CD0A52B206085001B44D3 /* Resources */,
			);
			buildRules = (
			);
			dependencies = (
				DE1CD0A92B206085001B44D3 /* PBXTargetDependency */,
			);
			name = PlanHubiOSUITests;
			productName = PlanHubiOSUITests;
			productReference = DE1CD0A72B206085001B44D3 /* PlanHubiOSUITests.xctest */;
			productType = "com.apple.product-type.bundle.ui-testing";
		};
/* End PBXNativeTarget section */

/* Begin PBXProject section */
		DE1CD0802B206082001B44D3 /* Project object */ = {
			isa = PBXProject;
			attributes = {
				BuildIndependentTargetsInParallel = 1;
				LastSwiftUpdateCheck = 1500;
				LastUpgradeCheck = 1500;
				TargetAttributes = {
					DE1CD0872B206082001B44D3 = {
						CreatedOnToolsVersion = 15.0.1;
					};
					DE1CD09C2B206085001B44D3 = {
						CreatedOnToolsVersion = 15.0.1;
						TestTargetID = DE1CD0872B206082001B44D3;
					};
					DE1CD0A62B206085001B44D3 = {
						CreatedOnToolsVersion = 15.0.1;
						TestTargetID = DE1CD0872B206082001B44D3;
					};
				};
			};
			buildConfigurationList = DE1CD0832B206082001B44D3 /* Build configuration list for PBXProject "PlanHubiOS" */;
			compatibilityVersion = "Xcode 14.0";
			developmentRegion = en;
			hasScannedForEncodings = 0;
			knownRegions = (
				en,
				Base,
			);
			mainGroup = DE1CD07F2B206082001B44D3;
			productRefGroup = DE1CD0892B206082001B44D3 /* Products */;
			projectDirPath = "";
			projectRoot = "";
			targets = (
				DE1CD0872B206082001B44D3 /* PlanHubiOS */,
				DE1CD09C2B206085001B44D3 /* PlanHubiOSTests */,
				DE1CD0A62B206085001B44D3 /* PlanHubiOSUITests */,
			);
		};
/* End PBXProject section */

/* Begin PBXResourcesBuildPhase section */
		DE1CD0862B206082001B44D3 /* Resources */ = {
			isa = PBXResourcesBuildPhase;
			buildActionMask = 2147483647;
			files = (
				DE1CD0932B206084001B44D3 /* Preview Assets.xcassets in Resources */,
				DE1CD0902B206084001B44D3 /* Assets.xcassets in Resources */,
			);
			runOnlyForDeploymentPostprocessing = 0;
		};
		DE1CD09B2B206085001B44D3 /* Resources */ = {
			isa = PBXResourcesBuildPhase;
			buildActionMask = 2147483647;
			files = (
			);
			runOnlyForDeploymentPostprocessing = 0;
		};
		DE1CD0A52B206085001B44D3 /* Resources */ = {
			isa = PBXResourcesBuildPhase;
			buildActionMask = 2147483647;
			files = (
			);
			runOnlyForDeploymentPostprocessing = 0;
		};
/* End PBXResourcesBuildPhase section */

/* Begin PBXSourcesBuildPhase section */
		DE1CD0842B206082001B44D3 /* Sources */ = {
			isa = PBXSourcesBuildPhase;
			buildActionMask = 2147483647;
			files = (
				DE1CD0982B206084001B44D3 /* PlanHubiOS.xcdatamodeld in Sources */,
				DE1CD0952B206084001B44D3 /* Persistence.swift in Sources */,
				DE1CD08E2B206082001B44D3 /* ContentView.swift in Sources */,
				DE1CD08C2B206082001B44D3 /* PlanHubiOSApp.swift in Sources */,
			);
			runOnlyForDeploymentPostprocessing = 0;
		};
		DE1CD0992B206085001B44D3 /* Sources */ = {
			isa = PBXSourcesBuildPhase;
			buildActionMask = 2147483647;
			files = (
				DE1CD0A22B206085001B44D3 /* PlanHubiOSTests.swift in Sources */,
			);
			runOnlyForDeploymentPostprocessing = 0;
		};
		DE1CD0A32B206085001B44D3 /* Sources */ = {
			isa = PBXSourcesBuildPhase;
			buildActionMask = 2147483647;
			files = (
				DE1CD0AC2B206085001B44D3 /* PlanHubiOSUITests.swift in Sources */,
				DE1CD0AE2B206085001B44D3 /* PlanHubiOSUITestsLaunchTests.swift in Sources */,
			);
			runOnlyForDeploymentPostprocessing = 0;
		};
/* End PBXSourcesBuildPhase section */

/* Begin PBXTargetDependency section */
		DE1CD09F2B206085001B44D3 /* PBXTargetDependency */ = {
			isa = PBXTargetDependency;
			target = DE1CD0872B206082001B44D3 /* PlanHubiOS */;
			targetProxy = DE1CD09E2B206085001B44D3 /* PBXContainerItemProxy */;
		};
		DE1CD0A92B206085001B44D3 /* PBXTargetDependency */ = {
			isa = PBXTargetDependency;
			target = DE1CD0872B206082001B44D3 /* PlanHubiOS */;
			targetProxy = DE1CD0A82B206085001B44D3 /* PBXContainerItemProxy */;
		};
/* End PBXTargetDependency section */

/* Begin XCBuildConfiguration section */
		DE1CD0AF2B206085001B44D3 /* Debug */ = {
			isa = XCBuildConfiguration;
			buildSettings = {
				ALWAYS_SEARCH_USER_PATHS = NO;
				ASSETCATALOG_COMPILER_GENERATE_SWIFT_ASSET_SYMBOL_EXTENSIONS = YES;
				CLANG_ANALYZER_NONNULL = YES;
				CLANG_ANALYZER_NUMBER_OBJECT_CONVERSION = YES_AGGRESSIVE;
				CLANG_CXX_LANGUAGE_STANDARD = "gnu++20";
				CLANG_ENABLE_MODULES = YES;
				CLANG_ENABLE_OBJC_ARC = YES;
				CLANG_ENABLE_OBJC_WEAK = YES;
				CLANG_WARN_BLOCK_CAPTURE_AUTORELEASING = YES;
				CLANG_WARN_BOOL_CONVERSION = YES;
				CLANG_WARN_COMMA = YES;
				CLANG_WARN_CONSTANT_CONVERSION = YES;
				CLANG_WARN_DEPRECATED_OBJC_IMPLEMENTATIONS = YES;
				CLANG_WARN_DIRECT_OBJC_ISA_USAGE = YES_ERROR;
				CLANG_WARN_DOCUMENTATION_COMMENTS = YES;
				CLANG_WARN_EMPTY_BODY = YES;
				CLANG_WARN_ENUM_CONVERSION = YES;
				CLANG_WARN_INFINITE_RECURSION = YES;
				CLANG_WARN_INT_CONVERSION = YES;
				CLANG_WARN_NON_LITERAL_NULL_CONVERSION = YES;
				CLANG_WARN_OBJC_IMPLICIT_RETAIN_SELF = YES;
				CLANG_WARN_OBJC_LITERAL_CONVERSION = YES;
				CLANG_WARN_OBJC_ROOT_CLASS = YES_ERROR;
				CLANG_WARN_QUOTED_INCLUDE_IN_FRAMEWORK_HEADER = YES;
				CLANG_WARN_RANGE_LOOP_ANALYSIS = YES;
				CLANG_WARN_STRICT_PROTOTYPES = YES;
				CLANG_WARN_SUSPICIOUS_MOVE = YES;
				CLANG_WARN_UNGUARDED_AVAILABILITY = YES_AGGRESSIVE;
				CLANG_WARN_UNREACHABLE_CODE = YES;
				CLANG_WARN__DUPLICATE_METHOD_MATCH = YES;
				COPY_PHASE_STRIP = NO;
				DEBUG_INFORMATION_FORMAT = dwarf;
				ENABLE_STRICT_OBJC_MSGSEND = YES;
				ENABLE_TESTABILITY = YES;
				ENABLE_USER_SCRIPT_SANDBOXING = YES;
				GCC_C_LANGUAGE_STANDARD = gnu17;
				GCC_DYNAMIC_NO_PIC = NO;
				GCC_NO_COMMON_BLOCKS = YES;
				GCC_OPTIMIZATION_LEVEL = 0;
				GCC_PREPROCESSOR_DEFINITIONS = (
					"DEBUG=1",
					"$(inherited)",
				);
				GCC_WARN_64_TO_32_BIT_CONVERSION = YES;
				GCC_WARN_ABOUT_RETURN_TYPE = YES_ERROR;
				GCC_WARN_UNDECLARED_SELECTOR = YES;
				GCC_WARN_UNINITIALIZED_AUTOS = YES_AGGRESSIVE;
				GCC_WARN_UNUSED_FUNCTION = YES;
				GCC_WARN_UNUSED_VARIABLE = YES;
				IPHONEOS_DEPLOYMENT_TARGET = 17.0;
				LOCALIZATION_PREFERS_STRING_CATALOGS = YES;
				MTL_ENABLE_DEBUG_INFO = INCLUDE_SOURCE;
				MTL_FAST_MATH = YES;
				ONLY_ACTIVE_ARCH = YES;
				SDKROOT = iphoneos;
				SWIFT_ACTIVE_COMPILATION_CONDITIONS = "DEBUG $(inherited)";
				SWIFT_OPTIMIZATION_LEVEL = "-Onone";
			};
			name = Debug;
		};
		DE1CD0B02B206085001B44D3 /* Release */ = {
			isa = XCBuildConfiguration;
			buildSettings = {
				ALWAYS_SEARCH_USER_PATHS = NO;
				ASSETCATALOG_COMPILER_GENERATE_SWIFT_ASSET_SYMBOL_EXTENSIONS = YES;
				CLANG_ANALYZER_NONNULL = YES;
				CLANG_ANALYZER_NUMBER_OBJECT_CONVERSION = YES_AGGRESSIVE;
				CLANG_CXX_LANGUAGE_STANDARD = "gnu++20";
				CLANG_ENABLE_MODULES = YES;
				CLANG_ENABLE_OBJC_ARC = YES;
				CLANG_ENABLE_OBJC_WEAK = YES;
				CLANG_WARN_BLOCK_CAPTURE_AUTORELEASING = YES;
				CLANG_WARN_BOOL_CONVERSION = YES;
				CLANG_WARN_COMMA = YES;
				CLANG_WARN_CONSTANT_CONVERSION = YES;
				CLANG_WARN_DEPRECATED_OBJC_IMPLEMENTATIONS = YES;
				CLANG_WARN_DIRECT_OBJC_ISA_USAGE = YES_ERROR;
				CLANG_WARN_DOCUMENTATION_COMMENTS = YES;
				CLANG_WARN_EMPTY_BODY = YES;
				CLANG_WARN_ENUM_CONVERSION = YES;
				CLANG_WARN_INFINITE_RECURSION = YES;
				CLANG_WARN_INT_CONVERSION = YES;
				CLANG_WARN_NON_LITERAL_NULL_CONVERSION = YES;
				CLANG_WARN_OBJC_IMPLICIT_RETAIN_SELF = YES;
				CLANG_WARN_OBJC_LITERAL_CONVERSION = YES;
				CLANG_WARN_OBJC_ROOT_CLASS = YES_ERROR;
				CLANG_WARN_QUOTED_INCLUDE_IN_FRAMEWORK_HEADER = YES;
				CLANG_WARN_RANGE_LOOP_ANALYSIS = YES;
				CLANG_WARN_STRICT_PROTOTYPES = YES;
				CLANG_WARN_SUSPICIOUS_MOVE = YES;
				CLANG_WARN_UNGUARDED_AVAILABILITY = YES_AGGRESSIVE;
				CLANG_WARN_UNREACHABLE_CODE = YES;
				CLANG_WARN__DUPLICATE_METHOD_MATCH = YES;
				COPY_PHASE_STRIP = NO;
				DEBUG_INFORMATION_FORMAT = "dwarf-with-dsym";
				ENABLE_NS_ASSERTIONS = NO;
				ENABLE_STRICT_OBJC_MSGSEND = YES;
				ENABLE_USER_SCRIPT_SANDBOXING = YES;
				GCC_C_LANGUAGE_STANDARD = gnu17;
				GCC_NO_COMMON_BLOCKS = YES;
				GCC_WARN_64_TO_32_BIT_CONVERSION = YES;
				GCC_WARN_ABOUT_RETURN_TYPE = YES_ERROR;
				GCC_WARN_UNDECLARED_SELECTOR = YES;
				GCC_WARN_UNINITIALIZED_AUTOS = YES_AGGRESSIVE;
				GCC_WARN_UNUSED_FUNCTION = YES;
				GCC_WARN_UNUSED_VARIABLE = YES;
				IPHONEOS_DEPLOYMENT_TARGET = 17.0;
				LOCALIZATION_PREFERS_STRING_CATALOGS = YES;
				MTL_ENABLE_DEBUG_INFO = NO;
				MTL_FAST_MATH = YES;
				SDKROOT = iphoneos;
				SWIFT_COMPILATION_MODE = wholemodule;
				VALIDATE_PRODUCT = YES;
			};
			name = Release;
		};
		DE1CD0B22B206085001B44D3 /* Debug */ = {
			isa = XCBuildConfiguration;
			buildSettings = {
				ASSETCATALOG_COMPILER_APPICON_NAME = AppIcon;
				ASSETCATALOG_COMPILER_GLOBAL_ACCENT_COLOR_NAME = AccentColor;
				CODE_SIGN_STYLE = Automatic;
				CURRENT_PROJECT_VERSION = 1;
				DEVELOPMENT_ASSET_PATHS = "\"PlanHubiOS/Preview Content\"";
				DEVELOPMENT_TEAM = 7RJS2CHD8W;
				ENABLE_PREVIEWS = YES;
				GENERATE_INFOPLIST_FILE = YES;
				INFOPLIST_KEY_UIApplicationSceneManifest_Generation = YES;
				INFOPLIST_KEY_UIApplicationSupportsIndirectInputEvents = YES;
				INFOPLIST_KEY_UILaunchScreen_Generation = YES;
				INFOPLIST_KEY_UISupportedInterfaceOrientations_iPad = "UIInterfaceOrientationPortrait UIInterfaceOrientationPortraitUpsideDown UIInterfaceOrientationLandscapeLeft UIInterfaceOrientationLandscapeRight";
				INFOPLIST_KEY_UISupportedInterfaceOrientations_iPhone = "UIInterfaceOrientationPortrait UIInterfaceOrientationLandscapeLeft UIInterfaceOrientationLandscapeRight";
				LD_RUNPATH_SEARCH_PATHS = (
					"$(inherited)",
					"@executable_path/Frameworks",
				);
				MARKETING_VERSION = 1.0;
				PRODUCT_BUNDLE_IDENTIFIER = com.ridhaaf.PlanHubiOS;
				PRODUCT_NAME = "$(TARGET_NAME)";
				SWIFT_EMIT_LOC_STRINGS = YES;
				SWIFT_VERSION = 5.0;
				TARGETED_DEVICE_FAMILY = "1,2";
			};
			name = Debug;
		};
		DE1CD0B32B206085001B44D3 /* Release */ = {
			isa = XCBuildConfiguration;
			buildSettings = {
				ASSETCATALOG_COMPILER_APPICON_NAME = AppIcon;
				ASSETCATALOG_COMPILER_GLOBAL_ACCENT_COLOR_NAME = AccentColor;
				CODE_SIGN_STYLE = Automatic;
				CURRENT_PROJECT_VERSION = 1;
				DEVELOPMENT_ASSET_PATHS = "\"PlanHubiOS/Preview Content\"";
				DEVELOPMENT_TEAM = 7RJS2CHD8W;
				ENABLE_PREVIEWS = YES;
				GENERATE_INFOPLIST_FILE = YES;
				INFOPLIST_KEY_UIApplicationSceneManifest_Generation = YES;
				INFOPLIST_KEY_UIApplicationSupportsIndirectInputEvents = YES;
				INFOPLIST_KEY_UILaunchScreen_Generation = YES;
				INFOPLIST_KEY_UISupportedInterfaceOrientations_iPad = "UIInterfaceOrientationPortrait UIInterfaceOrientationPortraitUpsideDown UIInterfaceOrientationLandscapeLeft UIInterfaceOrientationLandscapeRight";
				INFOPLIST_KEY_UISupportedInterfaceOrientations_iPhone = "UIInterfaceOrientationPortrait UIInterfaceOrientationLandscapeLeft UIInterfaceOrientationLandscapeRight";
				LD_RUNPATH_SEARCH_PATHS = (
					"$(inherited)",
					"@executable_path/Frameworks",
				);
				MARKETING_VERSION = 1.0;
				PRODUCT_BUNDLE_IDENTIFIER = com.ridhaaf.PlanHubiOS;
				PRODUCT_NAME = "$(TARGET_NAME)";
				SWIFT_EMIT_LOC_STRINGS = YES;
				SWIFT_VERSION = 5.0;
				TARGETED_DEVICE_FAMILY = "1,2";
			};
			name = Release;
		};
		DE1CD0B52B206085001B44D3 /* Debug */ = {
			isa = XCBuildConfiguration;
			buildSettings = {
				ALWAYS_EMBED_SWIFT_STANDARD_LIBRARIES = YES;
				BUNDLE_LOADER = "$(TEST_HOST)";
				CODE_SIGN_STYLE = Automatic;
				CURRENT_PROJECT_VERSION = 1;
				DEVELOPMENT_TEAM = 7RJS2CHD8W;
				GENERATE_INFOPLIST_FILE = YES;
				IPHONEOS_DEPLOYMENT_TARGET = 17.0;
				MARKETING_VERSION = 1.0;
				PRODUCT_BUNDLE_IDENTIFIER = com.ridhaaf.PlanHubiOSTests;
				PRODUCT_NAME = "$(TARGET_NAME)";
				SWIFT_EMIT_LOC_STRINGS = NO;
				SWIFT_VERSION = 5.0;
				TARGETED_DEVICE_FAMILY = "1,2";
				TEST_HOST = "$(BUILT_PRODUCTS_DIR)/PlanHubiOS.app/$(BUNDLE_EXECUTABLE_FOLDER_PATH)/PlanHubiOS";
			};
			name = Debug;
		};
		DE1CD0B62B206085001B44D3 /* Release */ = {
			isa = XCBuildConfiguration;
			buildSettings = {
				ALWAYS_EMBED_SWIFT_STANDARD_LIBRARIES = YES;
				BUNDLE_LOADER = "$(TEST_HOST)";
				CODE_SIGN_STYLE = Automatic;
				CURRENT_PROJECT_VERSION = 1;
				DEVELOPMENT_TEAM = 7RJS2CHD8W;
				GENERATE_INFOPLIST_FILE = YES;
				IPHONEOS_DEPLOYMENT_TARGET = 17.0;
				MARKETING_VERSION = 1.0;
				PRODUCT_BUNDLE_IDENTIFIER = com.ridhaaf.PlanHubiOSTests;
				PRODUCT_NAME = "$(TARGET_NAME)";
				SWIFT_EMIT_LOC_STRINGS = NO;
				SWIFT_VERSION = 5.0;
				TARGETED_DEVICE_FAMILY = "1,2";
				TEST_HOST = "$(BUILT_PRODUCTS_DIR)/PlanHubiOS.app/$(BUNDLE_EXECUTABLE_FOLDER_PATH)/PlanHubiOS";
			};
			name = Release;
		};
		DE1CD0B82B206085001B44D3 /* Debug */ = {
			isa = XCBuildConfiguration;
			buildSettings = {
				ALWAYS_EMBED_SWIFT_STANDARD_LIBRARIES = YES;
				CODE_SIGN_STYLE = Automatic;
				CURRENT_PROJECT_VERSION = 1;
				DEVELOPMENT_TEAM = 7RJS2CHD8W;
				GENERATE_INFOPLIST_FILE = YES;
				MARKETING_VERSION = 1.0;
				PRODUCT_BUNDLE_IDENTIFIER = com.ridhaaf.PlanHubiOSUITests;
				PRODUCT_NAME = "$(TARGET_NAME)";
				SWIFT_EMIT_LOC_STRINGS = NO;
				SWIFT_VERSION = 5.0;
				TARGETED_DEVICE_FAMILY = "1,2";
				TEST_TARGET_NAME = PlanHubiOS;
			};
			name = Debug;
		};
		DE1CD0B92B206085001B44D3 /* Release */ = {
			isa = XCBuildConfiguration;
			buildSettings = {
				ALWAYS_EMBED_SWIFT_STANDARD_LIBRARIES = YES;
				CODE_SIGN_STYLE = Automatic;
				CURRENT_PROJECT_VERSION = 1;
				DEVELOPMENT_TEAM = 7RJS2CHD8W;
				GENERATE_INFOPLIST_FILE = YES;
				MARKETING_VERSION = 1.0;
				PRODUCT_BUNDLE_IDENTIFIER = com.ridhaaf.PlanHubiOSUITests;
				PRODUCT_NAME = "$(TARGET_NAME)";
				SWIFT_EMIT_LOC_STRINGS = NO;
				SWIFT_VERSION = 5.0;
				TARGETED_DEVICE_FAMILY = "1,2";
				TEST_TARGET_NAME = PlanHubiOS;
			};
			name = Release;
		};
/* End XCBuildConfiguration section */

/* Begin XCConfigurationList section */
		DE1CD0832B206082001B44D3 /* Build configuration list for PBXProject "PlanHubiOS" */ = {
			isa = XCConfigurationList;
			buildConfigurations = (
				DE1CD0AF2B206085001B44D3 /* Debug */,
				DE1CD0B02B206085001B44D3 /* Release */,
			);
			defaultConfigurationIsVisible = 0;
			defaultConfigurationName = Release;
		};
		DE1CD0B12B206085001B44D3 /* Build configuration list for PBXNativeTarget "PlanHubiOS" */ = {
			isa = XCConfigurationList;
			buildConfigurations = (
				DE1CD0B22B206085001B44D3 /* Debug */,
				DE1CD0B32B206085001B44D3 /* Release */,
			);
			defaultConfigurationIsVisible = 0;
			defaultConfigurationName = Release;
		};
		DE1CD0B42B206085001B44D3 /* Build configuration list for PBXNativeTarget "PlanHubiOSTests" */ = {
			isa = XCConfigurationList;
			buildConfigurations = (
				DE1CD0B52B206085001B44D3 /* Debug */,
				DE1CD0B62B206085001B44D3 /* Release */,
			);
			defaultConfigurationIsVisible = 0;
			defaultConfigurationName = Release;
		};
		DE1CD0B72B206085001B44D3 /* Build configuration list for PBXNativeTarget "PlanHubiOSUITests" */ = {
			isa = XCConfigurationList;
			buildConfigurations = (
				DE1CD0B82B206085001B44D3 /* Debug */,
				DE1CD0B92B206085001B44D3 /* Release */,
			);
			defaultConfigurationIsVisible = 0;
			defaultConfigurationName = Release;
		};
/* End XCConfigurationList section */

/* Begin XCVersionGroup section */
		DE1CD0962B206084001B44D3 /* PlanHubiOS.xcdatamodeld */ = {
			isa = XCVersionGroup;
			children = (
				DE1CD0972B206084001B44D3 /* PlanHubiOS.xcdatamodel */,
			);
			currentVersion = DE1CD0972B206084001B44D3 /* PlanHubiOS.xcdatamodel */;
			path = PlanHubiOS.xcdatamodeld;
			sourceTree = "<group>";
			versionGroupType = wrapper.xcdatamodel;
		};
/* End XCVersionGroup section */
	};
	rootObject = DE1CD0802B206082001B44D3 /* Project object */;
}
